
Microsoft Visual Studio Solution File, Format Version 12.00
# Visual Studio Version 17
VisualStudioVersion = 17.0.31912.275
MinimumVisualStudioVersion = 10.0.40219.1
Project("{FAE04EC0-301F-11D3-BF4B-00C04F79EFBC}") = "WebDesignProject", "WebDesignProject\WebDesignProject.csproj", "{21CA4475-70F9-4241-BA1F-49A23691E8CA}"
EndProject
Global
	GlobalSection(SolutionConfigurationPlatforms) = preSolution
		Debug|Any CPU = Debug|Any CPU
		Release|Any CPU = Release|Any CPU
	EndGlobalSection
	GlobalSection(ProjectConfigurationPlatforms) = postSolution
		{21CA4475-70F9-4241-BA1F-49A23691E8CA}.Debug|Any CPU.ActiveCfg = Debug|Any CPU
		{21CA4475-70F9-4241-BA1F-49A23691E8CA}.Debug|Any CPU.Build.0 = Debug|Any CPU
		{21CA4475-70F9-4241-BA1F-49A23691E8CA}.Release|Any CPU.ActiveCfg = Release|Any CPU
		{21CA4475-70F9-4241-BA1F-49A23691E8CA}.Release|Any CPU.Build.0 = Release|Any CPU
	EndGlobalSection
	GlobalSection(SolutionProperties) = preSolution
		HideSolutionNode = FALSE
	EndGlobalSection
	GlobalSection(ExtensibilityGlobals) = postSolution
		SolutionGuid = {E7D03D86-0B62-429C-8A45-4AD71A6C699A}
	EndGlobalSection
EndGlobal
